
Microsoft Visual Studio Solution File, Format Version 12.00
# Visual Studio Version 17
VisualStudioVersion = 17.9.34723.18
MinimumVisualStudioVersion = 10.0.40219.1
Project("{FAE04EC0-301F-11D3-BF4B-00C04F79EFBC}") = "LeaveApplicationApp", "LeaveApplicationApp.csproj", "{F5FCEB66-47E4-4DFD-B836-5465365033ED}"
EndProject
Global
	GlobalSection(SolutionConfigurationPlatforms) = preSolution
		Debug|Any CPU = Debug|Any CPU
		Release|Any CPU = Release|Any CPU
	EndGlobalSection
	GlobalSection(ProjectConfigurationPlatforms) = postSolution
		{F5FCEB66-47E4-4DFD-B836-5465365033ED}.Debug|Any CPU.ActiveCfg = Debug|Any CPU
		{F5FCEB66-47E4-4DFD-B836-5465365033ED}.Debug|Any CPU.Build.0 = Debug|Any CPU
		{F5FCEB66-47E4-4DFD-B836-5465365033ED}.Release|Any CPU.ActiveCfg = Release|Any CPU
		{F5FCEB66-47E4-4DFD-B836-5465365033ED}.Release|Any CPU.Build.0 = Release|Any CPU
	EndGlobalSection
	GlobalSection(SolutionProperties) = preSolution
		HideSolutionNode = FALSE
	EndGlobalSection
	GlobalSection(ExtensibilityGlobals) = postSolution
		SolutionGuid = {2CDD1351-3C20-427B-B9B5-16E1D93219DF}
	EndGlobalSection
EndGlobal
